
Microsoft Visual Studio Solution File, Format Version 12.00
# Visual Studio 15
VisualStudioVersion = 15.0.28307.271
MinimumVisualStudioVersion = 10.0.40219.1
Project("{FAE04EC0-301F-11D3-BF4B-00C04F79EFBC}") = "LudoConsole", "ConsoleApp13\LudoConsole.csproj", "{59414CAE-255F-49AD-A53A-44E9389E13FA}"
EndProject
Global
	GlobalSection(SolutionConfigurationPlatforms) = preSolution
		Debug|Any CPU = Debug|Any CPU
		Release|Any CPU = Release|Any CPU
	EndGlobalSection
	GlobalSection(ProjectConfigurationPlatforms) = postSolution
		{59414CAE-255F-49AD-A53A-44E9389E13FA}.Debug|Any CPU.ActiveCfg = Debug|Any CPU
		{59414CAE-255F-49AD-A53A-44E9389E13FA}.Debug|Any CPU.Build.0 = Debug|Any CPU
		{59414CAE-255F-49AD-A53A-44E9389E13FA}.Release|Any CPU.ActiveCfg = Release|Any CPU
		{59414CAE-255F-49AD-A53A-44E9389E13FA}.Release|Any CPU.Build.0 = Release|Any CPU
	EndGlobalSection
	GlobalSection(SolutionProperties) = preSolution
		HideSolutionNode = FALSE
	EndGlobalSection
	GlobalSection(ExtensibilityGlobals) = postSolution
		SolutionGuid = {9B7E39C9-A722-41CB-B3F8-4812572F6BAF}
	EndGlobalSection
EndGlobal
