
Microsoft Visual Studio Solution File, Format Version 12.00
# Visual Studio 15
VisualStudioVersion = 15.0.28307.271
MinimumVisualStudioVersion = 10.0.40219.1
Project("{FAE04EC0-301F-11D3-BF4B-00C04F79EFBC}") = "LudoWebApiTest", "LudoWebApiTest\LudoWebApiTest.csproj", "{BBE3F6DD-6748-44BC-9E9A-DA76FD2F4A28}"
EndProject
Project("{9A19103F-16F7-4668-BE54-9A1E7A4F7556}") = "LudoGameEngine", "LudoGameEngine\LudoGameEngine\LudoGameEngine.csproj", "{DE40D9DE-6954-44E3-B2FE-8EC809862FDE}"
EndProject
Global
	GlobalSection(SolutionConfigurationPlatforms) = preSolution
		Debug|Any CPU = Debug|Any CPU
		Release|Any CPU = Release|Any CPU
	EndGlobalSection
	GlobalSection(ProjectConfigurationPlatforms) = postSolution
		{BBE3F6DD-6748-44BC-9E9A-DA76FD2F4A28}.Debug|Any CPU.ActiveCfg = Debug|Any CPU
		{BBE3F6DD-6748-44BC-9E9A-DA76FD2F4A28}.Debug|Any CPU.Build.0 = Debug|Any CPU
		{BBE3F6DD-6748-44BC-9E9A-DA76FD2F4A28}.Release|Any CPU.ActiveCfg = Release|Any CPU
		{BBE3F6DD-6748-44BC-9E9A-DA76FD2F4A28}.Release|Any CPU.Build.0 = Release|Any CPU
		{DE40D9DE-6954-44E3-B2FE-8EC809862FDE}.Debug|Any CPU.ActiveCfg = Debug|Any CPU
		{DE40D9DE-6954-44E3-B2FE-8EC809862FDE}.Debug|Any CPU.Build.0 = Debug|Any CPU
		{DE40D9DE-6954-44E3-B2FE-8EC809862FDE}.Release|Any CPU.ActiveCfg = Release|Any CPU
		{DE40D9DE-6954-44E3-B2FE-8EC809862FDE}.Release|Any CPU.Build.0 = Release|Any CPU
	EndGlobalSection
	GlobalSection(SolutionProperties) = preSolution
		HideSolutionNode = FALSE
	EndGlobalSection
	GlobalSection(ExtensibilityGlobals) = postSolution
		SolutionGuid = {BEEE315B-29A1-41BC-9002-12F162B05840}
	EndGlobalSection
EndGlobal
